PODS:
  - album_plugin (0.0.1):
    - Flutter
  - camera (0.0.1):
    - Flutter
  - Flutter (1.0.0)
  - image_gallery_saver (1.5.0):
    - Flutter
  - image_picker (0.0.1):
    - Flutter
  - "permission_handler (5.1.0+2)":
    - Flutter
  - photo_manager (0.0.1):
    - Flutter
    - FlutterMacOS
  - url_launcher (0.0.1):
    - Flutter

DEPENDENCIES:
  - album_plugin (from `.symlinks/plugins/album_plugin/ios`)
  - camera (from `.symlinks/plugins/camera/ios`)
  - Flutter (from `Flutter`)
  - image_gallery_saver (from `.symlinks/plugins/image_gallery_saver/ios`)
  - image_picker (from `.symlinks/plugins/image_picker/ios`)
  - permission_handler (from `.symlinks/plugins/permission_handler/ios`)
  - photo_manager (from `.symlinks/plugins/photo_manager/ios`)
  - url_launcher (from `.symlinks/plugins/url_launcher/ios`)

EXTERNAL SOURCES:
  album_plugin:
    :path: ".symlinks/plugins/album_plugin/ios"
  camera:
    :path: ".symlinks/plugins/camera/ios"
  Flutter:
    :path: Flutter
  image_gallery_saver:
    :path: ".symlinks/plugins/image_gallery_saver/ios"
  image_picker:
    :path: ".symlinks/plugins/image_picker/ios"
  permission_handler:
    :path: ".symlinks/plugins/permission_handler/ios"
  photo_manager:
    :path: ".symlinks/plugins/photo_manager/ios"
  url_launcher:
    :path: ".symlinks/plugins/url_launcher/ios"

SPEC CHECKSUMS:
  album_plugin: 4e18b9a82594e68438c12dc01b4822dd57e16dc8
  camera: 3164201dc344383e62282964016528c4f5a9ad50
  Flutter: 434fef37c0980e73bb6479ef766c45957d4b510c
  image_gallery_saver: 259eab68fb271cfd57d599904f7acdc7832e7ef2
  image_picker: 50e7c7ff960e5f58faa4d1f4af84a771c671bc4a
  permission_handler: ccb20a9fad0ee9b1314a52b70b76b473c5f8dab0
  photo_manager: 61cdd6835af271b9ad1bb533fccf71d5db02fff3
  url_launcher: 6fef411d543ceb26efce54b05a0a40bfd74cbbef

PODFILE CHECKSUM: aafe91acc616949ddb318b77800a7f51bffa2a4c

COCOAPODS: 1.10.1
